
Microsoft Visual Studio Solution File, Format Version 12.00
# Visual Studio Version 16
VisualStudioVersion = 16.0.30621.155
MinimumVisualStudioVersion = 10.0.40219.1
Project("{FAE04EC0-301F-11D3-BF4B-00C04F79EFBC}") = "API", "API\API.csproj", "{CF5ACCCD-B0D3-48BE-8FA0-0B9B1366A578}"
EndProject
Global
	GlobalSection(SolutionConfigurationPlatforms) = preSolution
		Debug|Any CPU = Debug|Any CPU
		Release|Any CPU = Release|Any CPU
	EndGlobalSection
	GlobalSection(ProjectConfigurationPlatforms) = postSolution
		{CF5ACCCD-B0D3-48BE-8FA0-0B9B1366A578}.Debug|Any CPU.ActiveCfg = Debug|Any CPU
		{CF5ACCCD-B0D3-48BE-8FA0-0B9B1366A578}.Debug|Any CPU.Build.0 = Debug|Any CPU
		{CF5ACCCD-B0D3-48BE-8FA0-0B9B1366A578}.Release|Any CPU.ActiveCfg = Release|Any CPU
		{CF5ACCCD-B0D3-48BE-8FA0-0B9B1366A578}.Release|Any CPU.Build.0 = Release|Any CPU
	EndGlobalSection
	GlobalSection(SolutionProperties) = preSolution
		HideSolutionNode = FALSE
	EndGlobalSection
	GlobalSection(ExtensibilityGlobals) = postSolution
		SolutionGuid = {7ADD66BF-5F72-4348-8484-3C4F324D3148}
	EndGlobalSection
EndGlobal
